// !$*UTF8*$!
{
	archiveVersion = 1;
	classes = {
	};
	objectVersion = 56;
	objects = {

/* Begin PBXBuildFile section */
		F73066B52B13D18E00C0CC05 /* AppDelegate.swift in Sources */ = {isa = PBXBuildFile; fileRef = F73066B42B13D18E00C0CC05 /* AppDelegate.swift */; };
		F73066B72B13D18E00C0CC05 /* SceneDelegate.swift in Sources */ = {isa = PBXBuildFile; fileRef = F73066B62B13D18E00C0CC05 /* SceneDelegate.swift */; };
		F73066B92B13D18E00C0CC05 /* ViewController.swift in Sources */ = {isa = PBXBuildFile; fileRef = F73066B82B13D18E00C0CC05 /* ViewController.swift */; };
		F73066BC2B13D18E00C0CC05 /* Main.storyboard in Resources */ = {isa = PBXBuildFile; fileRef = F73066BA2B13D18E00C0CC05 /* Main.storyboard */; };
		F73066BE2B13D19000C0CC05 /* Assets.xcassets in Resources */ = {isa = PBXBuildFile; fileRef = F73066BD2B13D19000C0CC05 /* Assets.xcassets */; };
		F73066C12B13D19000C0CC05 /* LaunchScreen.storyboard in Resources */ = {isa = PBXBuildFile; fileRef = F73066BF2B13D19000C0CC05 /* LaunchScreen.storyboard */; };
		F73B14392B13D3C7008F34A4 /* FirstView.xib in Resources */ = {isa = PBXBuildFile; fileRef = F73B14382B13D3C7008F34A4 /* FirstView.xib */; };
		F73B143B2B13D3F8008F34A4 /* FirstView.swift in Sources */ = {isa = PBXBuildFile; fileRef = F73B143A2B13D3F8008F34A4 /* FirstView.swift */; };
		F73B143F2B13D40D008F34A4 /* SecondView.swift in Sources */ = {isa = PBXBuildFile; fileRef = F73B143C2B13D40D008F34A4 /* SecondView.swift */; };
		F73B14402B13D40D008F34A4 /* ThirdView.swift in Sources */ = {isa = PBXBuildFile; fileRef = F73B143D2B13D40D008F34A4 /* ThirdView.swift */; };
		F73B14412B13D40D008F34A4 /* ThirdView.xib in Resources */ = {isa = PBXBuildFile; fileRef = F73B143E2B13D40D008F34A4 /* ThirdView.xib */; };
/* End PBXBuildFile section */

/* Begin PBXFileReference section */
		F73066B12B13D18E00C0CC05 /* HomeworkTableView.app */ = {isa = PBXFileReference; explicitFileType = wrapper.application; includeInIndex = 0; path = HomeworkTableView.app; sourceTree = BUILT_PRODUCTS_DIR; };
		F73066B42B13D18E00C0CC05 /* AppDelegate.swift */ = {isa = PBXFileReference; lastKnownFileType = sourcecode.swift; path = AppDelegate.swift; sourceTree = "<group>"; };
		F73066B62B13D18E00C0CC05 /* SceneDelegate.swift */ = {isa = PBXFileReference; lastKnownFileType = sourcecode.swift; path = SceneDelegate.swift; sourceTree = "<group>"; };
		F73066B82B13D18E00C0CC05 /* ViewController.swift */ = {isa = PBXFileReference; lastKnownFileType = sourcecode.swift; path = ViewController.swift; sourceTree = "<group>"; };
		F73066BB2B13D18E00C0CC05 /* Base */ = {isa = PBXFileReference; lastKnownFileType = file.storyboard; name = Base; path = Base.lproj/Main.storyboard; sourceTree = "<group>"; };
		F73066BD2B13D19000C0CC05 /* Assets.xcassets */ = {isa = PBXFileReference; lastKnownFileType = folder.assetcatalog; path = Assets.xcassets; sourceTree = "<group>"; };
		F73066C02B13D19000C0CC05 /* Base */ = {isa = PBXFileReference; lastKnownFileType = file.storyboard; name = Base; path = Base.lproj/LaunchScreen.storyboard; sourceTree = "<group>"; };
		F73066C22B13D19000C0CC05 /* Info.plist */ = {isa = PBXFileReference; lastKnownFileType = text.plist.xml; path = Info.plist; sourceTree = "<group>"; };
		F73B14382B13D3C7008F34A4 /* FirstView.xib */ = {isa = PBXFileReference; fileEncoding = 4; lastKnownFileType = file.xib; path = FirstView.xib; sourceTree = "<group>"; };
		F73B143A2B13D3F8008F34A4 /* FirstView.swift */ = {isa = PBXFileReference; fileEncoding = 4; lastKnownFileType = sourcecode.swift; path = FirstView.swift; sourceTree = "<group>"; };
		F73B143C2B13D40D008F34A4 /* SecondView.swift */ = {isa = PBXFileReference; fileEncoding = 4; lastKnownFileType = sourcecode.swift; path = SecondView.swift; sourceTree = "<group>"; };
		F73B143D2B13D40D008F34A4 /* ThirdView.swift */ = {isa = PBXFileReference; fileEncoding = 4; lastKnownFileType = sourcecode.swift; path = ThirdView.swift; sourceTree = "<group>"; };
		F73B143E2B13D40D008F34A4 /* ThirdView.xib */ = {isa = PBXFileReference; fileEncoding = 4; lastKnownFileType = file.xib; path = ThirdView.xib; sourceTree = "<group>"; };
/* End PBXFileReference section */

/* Begin PBXFrameworksBuildPhase section */
		F73066AE2B13D18E00C0CC05 /* Frameworks */ = {
			isa = PBXFrameworksBuildPhase;
			buildActionMask = 2147483647;
			files = (
			);
			runOnlyForDeploymentPostprocessing = 0;
		};
/* End PBXFrameworksBuildPhase section */

/* Begin PBXGroup section */
		F73066A82B13D18E00C0CC05 = {
			isa = PBXGroup;
			children = (
				F73066B32B13D18E00C0CC05 /* HomeworkTableView */,
				F73066B22B13D18E00C0CC05 /* Products */,
			);
			sourceTree = "<group>";
		};
		F73066B22B13D18E00C0CC05 /* Products */ = {
			isa = PBXGroup;
			children = (
				F73066B12B13D18E00C0CC05 /* HomeworkTableView.app */,
			);
			name = Products;
			sourceTree = "<group>";
		};
		F73066B32B13D18E00C0CC05 /* HomeworkTableView */ = {
			isa = PBXGroup;
			children = (
				F73066B42B13D18E00C0CC05 /* AppDelegate.swift */,
				F73066B62B13D18E00C0CC05 /* SceneDelegate.swift */,
				F73066B82B13D18E00C0CC05 /* ViewController.swift */,
				F73B143A2B13D3F8008F34A4 /* FirstView.swift */,
				F73B143C2B13D40D008F34A4 /* SecondView.swift */,
				F73B143D2B13D40D008F34A4 /* ThirdView.swift */,
				F73B14382B13D3C7008F34A4 /* FirstView.xib */,
				F73B143E2B13D40D008F34A4 /* ThirdView.xib */,
				F73066BA2B13D18E00C0CC05 /* Main.storyboard */,
				F73066BD2B13D19000C0CC05 /* Assets.xcassets */,
				F73066BF2B13D19000C0CC05 /* LaunchScreen.storyboard */,
				F73066C22B13D19000C0CC05 /* Info.plist */,
			);
			path = HomeworkTableView;
			sourceTree = "<group>";
		};
/* End PBXGroup section */

/* Begin PBXNativeTarget section */
		F73066B02B13D18E00C0CC05 /* HomeworkTableView */ = {
			isa = PBXNativeTarget;
			buildConfigurationList = F73066C52B13D19000C0CC05 /* Build configuration list for PBXNativeTarget "HomeworkTableView" */;
			buildPhases = (
				F73066AD2B13D18E00C0CC05 /* Sources */,
				F73066AE2B13D18E00C0CC05 /* Frameworks */,
				F73066AF2B13D18E00C0CC05 /* Resources */,
			);
			buildRules = (
			);
			dependencies = (
			);
			name = HomeworkTableView;
			productName = HomeworkTableView;
			productReference = F73066B12B13D18E00C0CC05 /* HomeworkTableView.app */;
			productType = "com.apple.product-type.application";
		};
/* End PBXNativeTarget section */

/* Begin PBXProject section */
		F73066A92B13D18E00C0CC05 /* Project object */ = {
			isa = PBXProject;
			attributes = {
				BuildIndependentTargetsInParallel = 1;
				LastSwiftUpdateCheck = 1500;
				LastUpgradeCheck = 1500;
				TargetAttributes = {
					F73066B02B13D18E00C0CC05 = {
						CreatedOnToolsVersion = 15.0;
					};
				};
			};
			buildConfigurationList = F73066AC2B13D18E00C0CC05 /* Build configuration list for PBXProject "HomeworkTableView" */;
			compatibilityVersion = "Xcode 14.0";
			developmentRegion = en;
			hasScannedForEncodings = 0;
			knownRegions = (
				en,
				Base,
			);
			mainGroup = F73066A82B13D18E00C0CC05;
			productRefGroup = F73066B22B13D18E00C0CC05 /* Products */;
			projectDirPath = "";
			projectRoot = "";
			targets = (
				F73066B02B13D18E00C0CC05 /* HomeworkTableView */,
			);
		};
/* End PBXProject section */

/* Begin PBXResourcesBuildPhase section */
		F73066AF2B13D18E00C0CC05 /* Resources */ = {
			isa = PBXResourcesBuildPhase;
			buildActionMask = 2147483647;
			files = (
				F73066C12B13D19000C0CC05 /* LaunchScreen.storyboard in Resources */,
				F73B14392B13D3C7008F34A4 /* FirstView.xib in Resources */,
				F73066BE2B13D19000C0CC05 /* Assets.xcassets in Resources */,
				F73B14412B13D40D008F34A4 /* ThirdView.xib in Resources */,
				F73066BC2B13D18E00C0CC05 /* Main.storyboard in Resources */,
			);
			runOnlyForDeploymentPostprocessing = 0;
		};
/* End PBXResourcesBuildPhase section */

/* Begin PBXSourcesBuildPhase section */
		F73066AD2B13D18E00C0CC05 /* Sources */ = {
			isa = PBXSourcesBuildPhase;
			buildActionMask = 2147483647;
			files = (
				F73066B92B13D18E00C0CC05 /* ViewController.swift in Sources */,
				F73B143F2B13D40D008F34A4 /* SecondView.swift in Sources */,
				F73B143B2B13D3F8008F34A4 /* FirstView.swift in Sources */,
				F73066B52B13D18E00C0CC05 /* AppDelegate.swift in Sources */,
				F73B14402B13D40D008F34A4 /* ThirdView.swift in Sources */,
				F73066B72B13D18E00C0CC05 /* SceneDelegate.swift in Sources */,
			);
			runOnlyForDeploymentPostprocessing = 0;
		};
/* End PBXSourcesBuildPhase section */

/* Begin PBXVariantGroup section */
		F73066BA2B13D18E00C0CC05 /* Main.storyboard */ = {
			isa = PBXVariantGroup;
			children = (
				F73066BB2B13D18E00C0CC05 /* Base */,
			);
			name = Main.storyboard;
			sourceTree = "<group>";
		};
		F73066BF2B13D19000C0CC05 /* LaunchScreen.storyboard */ = {
			isa = PBXVariantGroup;
			children = (
				F73066C02B13D19000C0CC05 /* Base */,
			);
			name = LaunchScreen.storyboard;
			sourceTree = "<group>";
		};
/* End PBXVariantGroup section */

/* Begin XCBuildConfiguration section */
		F73066C32B13D19000C0CC05 /* Debug */ = {
			isa = XCBuildConfiguration;
			buildSettings = {
				ALWAYS_SEARCH_USER_PATHS = NO;
				ASSETCATALOG_COMPILER_GENERATE_SWIFT_ASSET_SYMBOL_EXTENSIONS = YES;
				CLANG_ANALYZER_NONNULL = YES;
				CLANG_ANALYZER_NUMBER_OBJECT_CONVERSION = YES_AGGRESSIVE;
				CLANG_CXX_LANGUAGE_STANDARD = "gnu++20";
				CLANG_ENABLE_MODULES = YES;
				CLANG_ENABLE_OBJC_ARC = YES;
				CLANG_ENABLE_OBJC_WEAK = YES;
				CLANG_WARN_BLOCK_CAPTURE_AUTORELEASING = YES;
				CLANG_WARN_BOOL_CONVERSION = YES;
				CLANG_WARN_COMMA = YES;
				CLANG_WARN_CONSTANT_CONVERSION = YES;
				CLANG_WARN_DEPRECATED_OBJC_IMPLEMENTATIONS = YES;
				CLANG_WARN_DIRECT_OBJC_ISA_USAGE = YES_ERROR;
				CLANG_WARN_DOCUMENTATION_COMMENTS = YES;
				CLANG_WARN_EMPTY_BODY = YES;
				CLANG_WARN_ENUM_CONVERSION = YES;
				CLANG_WARN_INFINITE_RECURSION = YES;
				CLANG_WARN_INT_CONVERSION = YES;
				CLANG_WARN_NON_LITERAL_NULL_CONVERSION = YES;
				CLANG_WARN_OBJC_IMPLICIT_RETAIN_SELF = YES;
				CLANG_WARN_OBJC_LITERAL_CONVERSION = YES;
				CLANG_WARN_OBJC_ROOT_CLASS = YES_ERROR;
				CLANG_WARN_QUOTED_INCLUDE_IN_FRAMEWORK_HEADER = YES;
				CLANG_WARN_RANGE_LOOP_ANALYSIS = YES;
				CLANG_WARN_STRICT_PROTOTYPES = YES;
				CLANG_WARN_SUSPICIOUS_MOVE = YES;
				CLANG_WARN_UNGUARDED_AVAILABILITY = YES_AGGRESSIVE;
				CLANG_WARN_UNREACHABLE_CODE = YES;
				CLANG_WARN__DUPLICATE_METHOD_MATCH = YES;
				COPY_PHASE_STRIP = NO;
				DEBUG_INFORMATION_FORMAT = dwarf;
				ENABLE_STRICT_OBJC_MSGSEND = YES;
				ENABLE_TESTABILITY = YES;
				ENABLE_USER_SCRIPT_SANDBOXING = YES;
				GCC_C_LANGUAGE_STANDARD = gnu17;
				GCC_DYNAMIC_NO_PIC = NO;
				GCC_NO_COMMON_BLOCKS = YES;
				GCC_OPTIMIZATION_LEVEL = 0;
				GCC_PREPROCESSOR_DEFINITIONS = (
					"DEBUG=1",
					"$(inherited)",
				);
				GCC_WARN_64_TO_32_BIT_CONVERSION = YES;
				GCC_WARN_ABOUT_RETURN_TYPE = YES_ERROR;
				GCC_WARN_UNDECLARED_SELECTOR = YES;
				GCC_WARN_UNINITIALIZED_AUTOS = YES_AGGRESSIVE;
				GCC_WARN_UNUSED_FUNCTION = YES;
				GCC_WARN_UNUSED_VARIABLE = YES;
				IPHONEOS_DEPLOYMENT_TARGET = 17.0;
				LOCALIZATION_PREFERS_STRING_CATALOGS = YES;
				MTL_ENABLE_DEBUG_INFO = INCLUDE_SOURCE;
				MTL_FAST_MATH = YES;
				ONLY_ACTIVE_ARCH = YES;
				SDKROOT = iphoneos;
				SWIFT_ACTIVE_COMPILATION_CONDITIONS = "DEBUG $(inherited)";
				SWIFT_OPTIMIZATION_LEVEL = "-Onone";
			};
			name = Debug;
		};
		F73066C42B13D19000C0CC05 /* Release */ = {
			isa = XCBuildConfiguration;
			buildSettings = {
				ALWAYS_SEARCH_USER_PATHS = NO;
				ASSETCATALOG_COMPILER_GENERATE_SWIFT_ASSET_SYMBOL_EXTENSIONS = YES;
				CLANG_ANALYZER_NONNULL = YES;
				CLANG_ANALYZER_NUMBER_OBJECT_CONVERSION = YES_AGGRESSIVE;
				CLANG_CXX_LANGUAGE_STANDARD = "gnu++20";
				CLANG_ENABLE_MODULES = YES;
				CLANG_ENABLE_OBJC_ARC = YES;
				CLANG_ENABLE_OBJC_WEAK = YES;
				CLANG_WARN_BLOCK_CAPTURE_AUTORELEASING = YES;
				CLANG_WARN_BOOL_CONVERSION = YES;
				CLANG_WARN_COMMA = YES;
				CLANG_WARN_CONSTANT_CONVERSION = YES;
				CLANG_WARN_DEPRECATED_OBJC_IMPLEMENTATIONS = YES;
				CLANG_WARN_DIRECT_OBJC_ISA_USAGE = YES_ERROR;
				CLANG_WARN_DOCUMENTATION_COMMENTS = YES;
				CLANG_WARN_EMPTY_BODY = YES;
				CLANG_WARN_ENUM_CONVERSION = YES;
				CLANG_WARN_INFINITE_RECURSION = YES;
				CLANG_WARN_INT_CONVERSION = YES;
				CLANG_WARN_NON_LITERAL_NULL_CONVERSION = YES;
				CLANG_WARN_OBJC_IMPLICIT_RETAIN_SELF = YES;
				CLANG_WARN_OBJC_LITERAL_CONVERSION = YES;
				CLANG_WARN_OBJC_ROOT_CLASS = YES_ERROR;
				CLANG_WARN_QUOTED_INCLUDE_IN_FRAMEWORK_HEADER = YES;
				CLANG_WARN_RANGE_LOOP_ANALYSIS = YES;
				CLANG_WARN_STRICT_PROTOTYPES = YES;
				CLANG_WARN_SUSPICIOUS_MOVE = YES;
				CLANG_WARN_UNGUARDED_AVAILABILITY = YES_AGGRESSIVE;
				CLANG_WARN_UNREACHABLE_CODE = YES;
				CLANG_WARN__DUPLICATE_METHOD_MATCH = YES;
				COPY_PHASE_STRIP = NO;
				DEBUG_INFORMATION_FORMAT = "dwarf-with-dsym";
				ENABLE_NS_ASSERTIONS = NO;
				ENABLE_STRICT_OBJC_MSGSEND = YES;
				ENABLE_USER_SCRIPT_SANDBOXING = YES;
				GCC_C_LANGUAGE_STANDARD = gnu17;
				GCC_NO_COMMON_BLOCKS = YES;
				GCC_WARN_64_TO_32_BIT_CONVERSION = YES;
				GCC_WARN_ABOUT_RETURN_TYPE = YES_ERROR;
				GCC_WARN_UNDECLARED_SELECTOR = YES;
				GCC_WARN_UNINITIALIZED_AUTOS = YES_AGGRESSIVE;
				GCC_WARN_UNUSED_FUNCTION = YES;
				GCC_WARN_UNUSED_VARIABLE = YES;
				IPHONEOS_DEPLOYMENT_TARGET = 17.0;
				LOCALIZATION_PREFERS_STRING_CATALOGS = YES;
				MTL_ENABLE_DEBUG_INFO = NO;
				MTL_FAST_MATH = YES;
				SDKROOT = iphoneos;
				SWIFT_COMPILATION_MODE = wholemodule;
				VALIDATE_PRODUCT = YES;
			};
			name = Release;
		};
		F73066C62B13D19000C0CC05 /* Debug */ = {
			isa = XCBuildConfiguration;
			buildSettings = {
				ASSETCATALOG_COMPILER_APPICON_NAME = AppIcon;
				ASSETCATALOG_COMPILER_GLOBAL_ACCENT_COLOR_NAME = AccentColor;
				CODE_SIGN_STYLE = Automatic;
				CURRENT_PROJECT_VERSION = 1;
				DEVELOPMENT_TEAM = LCRJL3NRC8;
				GENERATE_INFOPLIST_FILE = YES;
				INFOPLIST_FILE = HomeworkTableView/Info.plist;
				INFOPLIST_KEY_UIApplicationSupportsIndirectInputEvents = YES;
				INFOPLIST_KEY_UILaunchStoryboardName = LaunchScreen;
				INFOPLIST_KEY_UIMainStoryboardFile = Main;
				INFOPLIST_KEY_UISupportedInterfaceOrientations_iPad = "UIInterfaceOrientationPortrait UIInterfaceOrientationPortraitUpsideDown UIInterfaceOrientationLandscapeLeft UIInterfaceOrientationLandscapeRight";
				INFOPLIST_KEY_UISupportedInterfaceOrientations_iPhone = "UIInterfaceOrientationPortrait UIInterfaceOrientationLandscapeLeft UIInterfaceOrientationLandscapeRight";
				LD_RUNPATH_SEARCH_PATHS = (
					"$(inherited)",
					"@executable_path/Frameworks",
				);
				MARKETING_VERSION = 1.0;
				PRODUCT_BUNDLE_IDENTIFIER = IvanZnak.HomeworkTableView;
				PRODUCT_NAME = "$(TARGET_NAME)";
				SWIFT_EMIT_LOC_STRINGS = YES;
				SWIFT_VERSION = 5.0;
				TARGETED_DEVICE_FAMILY = "1,2";
			};
			name = Debug;
		};
		F73066C72B13D19000C0CC05 /* Release */ = {
			isa = XCBuildConfiguration;
			buildSettings = {
				ASSETCATALOG_COMPILER_APPICON_NAME = AppIcon;
				ASSETCATALOG_COMPILER_GLOBAL_ACCENT_COLOR_NAME = AccentColor;
				CODE_SIGN_STYLE = Automatic;
				CURRENT_PROJECT_VERSION = 1;
				DEVELOPMENT_TEAM = LCRJL3NRC8;
				GENERATE_INFOPLIST_FILE = YES;
				INFOPLIST_FILE = HomeworkTableView/Info.plist;
				INFOPLIST_KEY_UIApplicationSupportsIndirectInputEvents = YES;
				INFOPLIST_KEY_UILaunchStoryboardName = LaunchScreen;
				INFOPLIST_KEY_UIMainStoryboardFile = Main;
				INFOPLIST_KEY_UISupportedInterfaceOrientations_iPad = "UIInterfaceOrientationPortrait UIInterfaceOrientationPortraitUpsideDown UIInterfaceOrientationLandscapeLeft UIInterfaceOrientationLandscapeRight";
				INFOPLIST_KEY_UISupportedInterfaceOrientations_iPhone = "UIInterfaceOrientationPortrait UIInterfaceOrientationLandscapeLeft UIInterfaceOrientationLandscapeRight";
				LD_RUNPATH_SEARCH_PATHS = (
					"$(inherited)",
					"@executable_path/Frameworks",
				);
				MARKETING_VERSION = 1.0;
				PRODUCT_BUNDLE_IDENTIFIER = IvanZnak.HomeworkTableView;
				PRODUCT_NAME = "$(TARGET_NAME)";
				SWIFT_EMIT_LOC_STRINGS = YES;
				SWIFT_VERSION = 5.0;
				TARGETED_DEVICE_FAMILY = "1,2";
			};
			name = Release;
		};
/* End XCBuildConfiguration section */

/* Begin XCConfigurationList section */
		F73066AC2B13D18E00C0CC05 /* Build configuration list for PBXProject "HomeworkTableView" */ = {
			isa = XCConfigurationList;
			buildConfigurations = (
				F73066C32B13D19000C0CC05 /* Debug */,
				F73066C42B13D19000C0CC05 /* Release */,
			);
			defaultConfigurationIsVisible = 0;
			defaultConfigurationName = Release;
		};
		F73066C52B13D19000C0CC05 /* Build configuration list for PBXNativeTarget "HomeworkTableView" */ = {
			isa = XCConfigurationList;
			buildConfigurations = (
				F73066C62B13D19000C0CC05 /* Debug */,
				F73066C72B13D19000C0CC05 /* Release */,
			);
			defaultConfigurationIsVisible = 0;
			defaultConfigurationName = Release;
		};
/* End XCConfigurationList section */
	};
	rootObject = F73066A92B13D18E00C0CC05 /* Project object */;
}
